// !$*UTF8*$!
{
	archiveVersion = 1;
	classes = {
	};
	objectVersion = 50;
	objects = {

/* Begin PBXBuildFile section */
		D5FADCA6251B301A000788A9 /* AppDelegate.swift in Sources */ = {isa = PBXBuildFile; fileRef = D5FADCA5251B301A000788A9 /* AppDelegate.swift */; };
		D5FADCA8251B301A000788A9 /* SceneDelegate.swift in Sources */ = {isa = PBXBuildFile; fileRef = D5FADCA7251B301A000788A9 /* SceneDelegate.swift */; };
		D5FADCAA251B301A000788A9 /* ViewController.swift in Sources */ = {isa = PBXBuildFile; fileRef = D5FADCA9251B301A000788A9 /* ViewController.swift */; };
		D5FADCAD251B301A000788A9 /* Main.storyboard in Resources */ = {isa = PBXBuildFile; fileRef = D5FADCAB251B301A000788A9 /* Main.storyboard */; };
		D5FADCAF251B301E000788A9 /* Assets.xcassets in Resources */ = {isa = PBXBuildFile; fileRef = D5FADCAE251B301E000788A9 /* Assets.xcassets */; };
		D5FADCB2251B301E000788A9 /* LaunchScreen.storyboard in Resources */ = {isa = PBXBuildFile; fileRef = D5FADCB0251B301E000788A9 /* LaunchScreen.storyboard */; };
		D5FADCBD251B301E000788A9 /* TodoProductHW20200923Tests.swift in Sources */ = {isa = PBXBuildFile; fileRef = D5FADCBC251B301E000788A9 /* TodoProductHW20200923Tests.swift */; };
		D5FADCC8251B301E000788A9 /* TodoProductHW20200923UITests.swift in Sources */ = {isa = PBXBuildFile; fileRef = D5FADCC7251B301E000788A9 /* TodoProductHW20200923UITests.swift */; };
/* End PBXBuildFile section */

/* Begin PBXContainerItemProxy section */
		D5FADCB9251B301E000788A9 /* PBXContainerItemProxy */ = {
			isa = PBXContainerItemProxy;
			containerPortal = D5FADC9A251B301A000788A9 /* Project object */;
			proxyType = 1;
			remoteGlobalIDString = D5FADCA1251B301A000788A9;
			remoteInfo = TodoProductHW20200923;
		};
		D5FADCC4251B301E000788A9 /* PBXContainerItemProxy */ = {
			isa = PBXContainerItemProxy;
			containerPortal = D5FADC9A251B301A000788A9 /* Project object */;
			proxyType = 1;
			remoteGlobalIDString = D5FADCA1251B301A000788A9;
			remoteInfo = TodoProductHW20200923;
		};
/* End PBXContainerItemProxy section */

/* Begin PBXFileReference section */
		D5FADCA2251B301A000788A9 /* TodoProductHW20200923.app */ = {isa = PBXFileReference; explicitFileType = wrapper.application; includeInIndex = 0; path = TodoProductHW20200923.app; sourceTree = BUILT_PRODUCTS_DIR; };
		D5FADCA5251B301A000788A9 /* AppDelegate.swift */ = {isa = PBXFileReference; lastKnownFileType = sourcecode.swift; path = AppDelegate.swift; sourceTree = "<group>"; };
		D5FADCA7251B301A000788A9 /* SceneDelegate.swift */ = {isa = PBXFileReference; lastKnownFileType = sourcecode.swift; path = SceneDelegate.swift; sourceTree = "<group>"; };
		D5FADCA9251B301A000788A9 /* ViewController.swift */ = {isa = PBXFileReference; lastKnownFileType = sourcecode.swift; path = ViewController.swift; sourceTree = "<group>"; };
		D5FADCAC251B301A000788A9 /* Base */ = {isa = PBXFileReference; lastKnownFileType = file.storyboard; name = Base; path = Base.lproj/Main.storyboard; sourceTree = "<group>"; };
		D5FADCAE251B301E000788A9 /* Assets.xcassets */ = {isa = PBXFileReference; lastKnownFileType = folder.assetcatalog; path = Assets.xcassets; sourceTree = "<group>"; };
		D5FADCB1251B301E000788A9 /* Base */ = {isa = PBXFileReference; lastKnownFileType = file.storyboard; name = Base; path = Base.lproj/LaunchScreen.storyboard; sourceTree = "<group>"; };
		D5FADCB3251B301E000788A9 /* Info.plist */ = {isa = PBXFileReference; lastKnownFileType = text.plist.xml; path = Info.plist; sourceTree = "<group>"; };
		D5FADCB8251B301E000788A9 /* TodoProductHW20200923Tests.xctest */ = {isa = PBXFileReference; explicitFileType = wrapper.cfbundle; includeInIndex = 0; path = TodoProductHW20200923Tests.xctest; sourceTree = BUILT_PRODUCTS_DIR; };
		D5FADCBC251B301E000788A9 /* TodoProductHW20200923Tests.swift */ = {isa = PBXFileReference; lastKnownFileType = sourcecode.swift; path = TodoProductHW20200923Tests.swift; sourceTree = "<group>"; };
		D5FADCBE251B301E000788A9 /* Info.plist */ = {isa = PBXFileReference; lastKnownFileType = text.plist.xml; path = Info.plist; sourceTree = "<group>"; };
		D5FADCC3251B301E000788A9 /* TodoProductHW20200923UITests.xctest */ = {isa = PBXFileReference; explicitFileType = wrapper.cfbundle; includeInIndex = 0; path = TodoProductHW20200923UITests.xctest; sourceTree = BUILT_PRODUCTS_DIR; };
		D5FADCC7251B301E000788A9 /* TodoProductHW20200923UITests.swift */ = {isa = PBXFileReference; lastKnownFileType = sourcecode.swift; path = TodoProductHW20200923UITests.swift; sourceTree = "<group>"; };
		D5FADCC9251B301E000788A9 /* Info.plist */ = {isa = PBXFileReference; lastKnownFileType = text.plist.xml; path = Info.plist; sourceTree = "<group>"; };
/* End PBXFileReference section */

/* Begin PBXFrameworksBuildPhase section */
		D5FADC9F251B301A000788A9 /* Frameworks */ = {
			isa = PBXFrameworksBuildPhase;
			buildActionMask = 2147483647;
			files = (
			);
			runOnlyForDeploymentPostprocessing = 0;
		};
		D5FADCB5251B301E000788A9 /* Frameworks */ = {
			isa = PBXFrameworksBuildPhase;
			buildActionMask = 2147483647;
			files = (
			);
			runOnlyForDeploymentPostprocessing = 0;
		};
		D5FADCC0251B301E000788A9 /* Frameworks */ = {
			isa = PBXFrameworksBuildPhase;
			buildActionMask = 2147483647;
			files = (
			);
			runOnlyForDeploymentPostprocessing = 0;
		};
/* End PBXFrameworksBuildPhase section */

/* Begin PBXGroup section */
		D5FADC99251B301A000788A9 = {
			isa = PBXGroup;
			children = (
				D5FADCA4251B301A000788A9 /* TodoProductHW20200923 */,
				D5FADCBB251B301E000788A9 /* TodoProductHW20200923Tests */,
				D5FADCC6251B301E000788A9 /* TodoProductHW20200923UITests */,
				D5FADCA3251B301A000788A9 /* Products */,
			);
			sourceTree = "<group>";
		};
		D5FADCA3251B301A000788A9 /* Products */ = {
			isa = PBXGroup;
			children = (
				D5FADCA2251B301A000788A9 /* TodoProductHW20200923.app */,
				D5FADCB8251B301E000788A9 /* TodoProductHW20200923Tests.xctest */,
				D5FADCC3251B301E000788A9 /* TodoProductHW20200923UITests.xctest */,
			);
			name = Products;
			sourceTree = "<group>";
		};
		D5FADCA4251B301A000788A9 /* TodoProductHW20200923 */ = {
			isa = PBXGroup;
			children = (
				D5FADCA5251B301A000788A9 /* AppDelegate.swift */,
				D5FADCA7251B301A000788A9 /* SceneDelegate.swift */,
				D5FADCA9251B301A000788A9 /* ViewController.swift */,
				D5FADCAB251B301A000788A9 /* Main.storyboard */,
				D5FADCAE251B301E000788A9 /* Assets.xcassets */,
				D5FADCB0251B301E000788A9 /* LaunchScreen.storyboard */,
				D5FADCB3251B301E000788A9 /* Info.plist */,
			);
			path = TodoProductHW20200923;
			sourceTree = "<group>";
		};
		D5FADCBB251B301E000788A9 /* TodoProductHW20200923Tests */ = {
			isa = PBXGroup;
			children = (
				D5FADCBC251B301E000788A9 /* TodoProductHW20200923Tests.swift */,
				D5FADCBE251B301E000788A9 /* Info.plist */,
			);
			path = TodoProductHW20200923Tests;
			sourceTree = "<group>";
		};
		D5FADCC6251B301E000788A9 /* TodoProductHW20200923UITests */ = {
			isa = PBXGroup;
			children = (
				D5FADCC7251B301E000788A9 /* TodoProductHW20200923UITests.swift */,
				D5FADCC9251B301E000788A9 /* Info.plist */,
			);
			path = TodoProductHW20200923UITests;
			sourceTree = "<group>";
		};
/* End PBXGroup section */

/* Begin PBXNativeTarget section */
		D5FADCA1251B301A000788A9 /* TodoProductHW20200923 */ = {
			isa = PBXNativeTarget;
			buildConfigurationList = D5FADCCC251B301E000788A9 /* Build configuration list for PBXNativeTarget "TodoProductHW20200923" */;
			buildPhases = (
				D5FADC9E251B301A000788A9 /* Sources */,
				D5FADC9F251B301A000788A9 /* Frameworks */,
				D5FADCA0251B301A000788A9 /* Resources */,
			);
			buildRules = (
			);
			dependencies = (
			);
			name = TodoProductHW20200923;
			productName = TodoProductHW20200923;
			productReference = D5FADCA2251B301A000788A9 /* TodoProductHW20200923.app */;
			productType = "com.apple.product-type.application";
		};
		D5FADCB7251B301E000788A9 /* TodoProductHW20200923Tests */ = {
			isa = PBXNativeTarget;
			buildConfigurationList = D5FADCCF251B301E000788A9 /* Build configuration list for PBXNativeTarget "TodoProductHW20200923Tests" */;
			buildPhases = (
				D5FADCB4251B301E000788A9 /* Sources */,
				D5FADCB5251B301E000788A9 /* Frameworks */,
				D5FADCB6251B301E000788A9 /* Resources */,
			);
			buildRules = (
			);
			dependencies = (
				D5FADCBA251B301E000788A9 /* PBXTargetDependency */,
			);
			name = TodoProductHW20200923Tests;
			productName = TodoProductHW20200923Tests;
			productReference = D5FADCB8251B301E000788A9 /* TodoProductHW20200923Tests.xctest */;
			productType = "com.apple.product-type.bundle.unit-test";
		};
		D5FADCC2251B301E000788A9 /* TodoProductHW20200923UITests */ = {
			isa = PBXNativeTarget;
			buildConfigurationList = D5FADCD2251B301E000788A9 /* Build configuration list for PBXNativeTarget "TodoProductHW20200923UITests" */;
			buildPhases = (
				D5FADCBF251B301E000788A9 /* Sources */,
				D5FADCC0251B301E000788A9 /* Frameworks */,
				D5FADCC1251B301E000788A9 /* Resources */,
			);
			buildRules = (
			);
			dependencies = (
				D5FADCC5251B301E000788A9 /* PBXTargetDependency */,
			);
			name = TodoProductHW20200923UITests;
			productName = TodoProductHW20200923UITests;
			productReference = D5FADCC3251B301E000788A9 /* TodoProductHW20200923UITests.xctest */;
			productType = "com.apple.product-type.bundle.ui-testing";
		};
/* End PBXNativeTarget section */

/* Begin PBXProject section */
		D5FADC9A251B301A000788A9 /* Project object */ = {
			isa = PBXProject;
			attributes = {
				LastSwiftUpdateCheck = 1160;
				LastUpgradeCheck = 1160;
				ORGANIZATIONNAME = "Shinya ";
				TargetAttributes = {
					D5FADCA1251B301A000788A9 = {
						CreatedOnToolsVersion = 11.6;
					};
					D5FADCB7251B301E000788A9 = {
						CreatedOnToolsVersion = 11.6;
						TestTargetID = D5FADCA1251B301A000788A9;
					};
					D5FADCC2251B301E000788A9 = {
						CreatedOnToolsVersion = 11.6;
						TestTargetID = D5FADCA1251B301A000788A9;
					};
				};
			};
			buildConfigurationList = D5FADC9D251B301A000788A9 /* Build configuration list for PBXProject "TodoProductHW20200923" */;
			compatibilityVersion = "Xcode 9.3";
			developmentRegion = en;
			hasScannedForEncodings = 0;
			knownRegions = (
				en,
				Base,
			);
			mainGroup = D5FADC99251B301A000788A9;
			productRefGroup = D5FADCA3251B301A000788A9 /* Products */;
			projectDirPath = "";
			projectRoot = "";
			targets = (
				D5FADCA1251B301A000788A9 /* TodoProductHW20200923 */,
				D5FADCB7251B301E000788A9 /* TodoProductHW20200923Tests */,
				D5FADCC2251B301E000788A9 /* TodoProductHW20200923UITests */,
			);
		};
/* End PBXProject section */

/* Begin PBXResourcesBuildPhase section */
		D5FADCA0251B301A000788A9 /* Resources */ = {
			isa = PBXResourcesBuildPhase;
			buildActionMask = 2147483647;
			files = (
				D5FADCB2251B301E000788A9 /* LaunchScreen.storyboard in Resources */,
				D5FADCAF251B301E000788A9 /* Assets.xcassets in Resources */,
				D5FADCAD251B301A000788A9 /* Main.storyboard in Resources */,
			);
			runOnlyForDeploymentPostprocessing = 0;
		};
		D5FADCB6251B301E000788A9 /* Resources */ = {
			isa = PBXResourcesBuildPhase;
			buildActionMask = 2147483647;
			files = (
			);
			runOnlyForDeploymentPostprocessing = 0;
		};
		D5FADCC1251B301E000788A9 /* Resources */ = {
			isa = PBXResourcesBuildPhase;
			buildActionMask = 2147483647;
			files = (
			);
			runOnlyForDeploymentPostprocessing = 0;
		};
/* End PBXResourcesBuildPhase section */

/* Begin PBXSourcesBuildPhase section */
		D5FADC9E251B301A000788A9 /* Sources */ = {
			isa = PBXSourcesBuildPhase;
			buildActionMask = 2147483647;
			files = (
				D5FADCAA251B301A000788A9 /* ViewController.swift in Sources */,
				D5FADCA6251B301A000788A9 /* AppDelegate.swift in Sources */,
				D5FADCA8251B301A000788A9 /* SceneDelegate.swift in Sources */,
			);
			runOnlyForDeploymentPostprocessing = 0;
		};
		D5FADCB4251B301E000788A9 /* Sources */ = {
			isa = PBXSourcesBuildPhase;
			buildActionMask = 2147483647;
			files = (
				D5FADCBD251B301E000788A9 /* TodoProductHW20200923Tests.swift in Sources */,
			);
			runOnlyForDeploymentPostprocessing = 0;
		};
		D5FADCBF251B301E000788A9 /* Sources */ = {
			isa = PBXSourcesBuildPhase;
			buildActionMask = 2147483647;
			files = (
				D5FADCC8251B301E000788A9 /* TodoProductHW20200923UITests.swift in Sources */,
			);
			runOnlyForDeploymentPostprocessing = 0;
		};
/* End PBXSourcesBuildPhase section */

/* Begin PBXTargetDependency section */
		D5FADCBA251B301E000788A9 /* PBXTargetDependency */ = {
			isa = PBXTargetDependency;
			target = D5FADCA1251B301A000788A9 /* TodoProductHW20200923 */;
			targetProxy = D5FADCB9251B301E000788A9 /* PBXContainerItemProxy */;
		};
		D5FADCC5251B301E000788A9 /* PBXTargetDependency */ = {
			isa = PBXTargetDependency;
			target = D5FADCA1251B301A000788A9 /* TodoProductHW20200923 */;
			targetProxy = D5FADCC4251B301E000788A9 /* PBXContainerItemProxy */;
		};
/* End PBXTargetDependency section */

/* Begin PBXVariantGroup section */
		D5FADCAB251B301A000788A9 /* Main.storyboard */ = {
			isa = PBXVariantGroup;
			children = (
				D5FADCAC251B301A000788A9 /* Base */,
			);
			name = Main.storyboard;
			sourceTree = "<group>";
		};
		D5FADCB0251B301E000788A9 /* LaunchScreen.storyboard */ = {
			isa = PBXVariantGroup;
			children = (
				D5FADCB1251B301E000788A9 /* Base */,
			);
			name = LaunchScreen.storyboard;
			sourceTree = "<group>";
		};
/* End PBXVariantGroup section */

/* Begin XCBuildConfiguration section */
		D5FADCCA251B301E000788A9 /* Debug */ = {
			isa = XCBuildConfiguration;
			buildSettings = {
				ALWAYS_SEARCH_USER_PATHS = NO;
				CLANG_ANALYZER_NONNULL = YES;
				CLANG_ANALYZER_NUMBER_OBJECT_CONVERSION = YES_AGGRESSIVE;
				CLANG_CXX_LANGUAGE_STANDARD = "gnu++14";
				CLANG_CXX_LIBRARY = "libc++";
				CLANG_ENABLE_MODULES = YES;
				CLANG_ENABLE_OBJC_ARC = YES;
				CLANG_ENABLE_OBJC_WEAK = YES;
				CLANG_WARN_BLOCK_CAPTURE_AUTORELEASING = YES;
				CLANG_WARN_BOOL_CONVERSION = YES;
				CLANG_WARN_COMMA = YES;
				CLANG_WARN_CONSTANT_CONVERSION = YES;
				CLANG_WARN_DEPRECATED_OBJC_IMPLEMENTATIONS = YES;
				CLANG_WARN_DIRECT_OBJC_ISA_USAGE = YES_ERROR;
				CLANG_WARN_DOCUMENTATION_COMMENTS = YES;
				CLANG_WARN_EMPTY_BODY = YES;
				CLANG_WARN_ENUM_CONVERSION = YES;
				CLANG_WARN_INFINITE_RECURSION = YES;
				CLANG_WARN_INT_CONVERSION = YES;
				CLANG_WARN_NON_LITERAL_NULL_CONVERSION = YES;
				CLANG_WARN_OBJC_IMPLICIT_RETAIN_SELF = YES;
				CLANG_WARN_OBJC_LITERAL_CONVERSION = YES;
				CLANG_WARN_OBJC_ROOT_CLASS = YES_ERROR;
				CLANG_WARN_RANGE_LOOP_ANALYSIS = YES;
				CLANG_WARN_STRICT_PROTOTYPES = YES;
				CLANG_WARN_SUSPICIOUS_MOVE = YES;
				CLANG_WARN_UNGUARDED_AVAILABILITY = YES_AGGRESSIVE;
				CLANG_WARN_UNREACHABLE_CODE = YES;
				CLANG_WARN__DUPLICATE_METHOD_MATCH = YES;
				COPY_PHASE_STRIP = NO;
				DEBUG_INFORMATION_FORMAT = dwarf;
				ENABLE_STRICT_OBJC_MSGSEND = YES;
				ENABLE_TESTABILITY = YES;
				GCC_C_LANGUAGE_STANDARD = gnu11;
				GCC_DYNAMIC_NO_PIC = NO;
				GCC_NO_COMMON_BLOCKS = YES;
				GCC_OPTIMIZATION_LEVEL = 0;
				GCC_PREPROCESSOR_DEFINITIONS = (
					"DEBUG=1",
					"$(inherited)",
				);
				GCC_WARN_64_TO_32_BIT_CONVERSION = YES;
				GCC_WARN_ABOUT_RETURN_TYPE = YES_ERROR;
				GCC_WARN_UNDECLARED_SELECTOR = YES;
				GCC_WARN_UNINITIALIZED_AUTOS = YES_AGGRESSIVE;
				GCC_WARN_UNUSED_FUNCTION = YES;
				GCC_WARN_UNUSED_VARIABLE = YES;
				IPHONEOS_DEPLOYMENT_TARGET = 13.6;
				MTL_ENABLE_DEBUG_INFO = INCLUDE_SOURCE;
				MTL_FAST_MATH = YES;
				ONLY_ACTIVE_ARCH = YES;
				SDKROOT = iphoneos;
				SWIFT_ACTIVE_COMPILATION_CONDITIONS = DEBUG;
				SWIFT_OPTIMIZATION_LEVEL = "-Onone";
			};
			name = Debug;
		};
		D5FADCCB251B301E000788A9 /* Release */ = {
			isa = XCBuildConfiguration;
			buildSettings = {
				ALWAYS_SEARCH_USER_PATHS = NO;
				CLANG_ANALYZER_NONNULL = YES;
				CLANG_ANALYZER_NUMBER_OBJECT_CONVERSION = YES_AGGRESSIVE;
				CLANG_CXX_LANGUAGE_STANDARD = "gnu++14";
				CLANG_CXX_LIBRARY = "libc++";
				CLANG_ENABLE_MODULES = YES;
				CLANG_ENABLE_OBJC_ARC = YES;
				CLANG_ENABLE_OBJC_WEAK = YES;
				CLANG_WARN_BLOCK_CAPTURE_AUTORELEASING = YES;
				CLANG_WARN_BOOL_CONVERSION = YES;
				CLANG_WARN_COMMA = YES;
				CLANG_WARN_CONSTANT_CONVERSION = YES;
				CLANG_WARN_DEPRECATED_OBJC_IMPLEMENTATIONS = YES;
				CLANG_WARN_DIRECT_OBJC_ISA_USAGE = YES_ERROR;
				CLANG_WARN_DOCUMENTATION_COMMENTS = YES;
				CLANG_WARN_EMPTY_BODY = YES;
				CLANG_WARN_ENUM_CONVERSION = YES;
				CLANG_WARN_INFINITE_RECURSION = YES;
				CLANG_WARN_INT_CONVERSION = YES;
				CLANG_WARN_NON_LITERAL_NULL_CONVERSION = YES;
				CLANG_WARN_OBJC_IMPLICIT_RETAIN_SELF = YES;
				CLANG_WARN_OBJC_LITERAL_CONVERSION = YES;
				CLANG_WARN_OBJC_ROOT_CLASS = YES_ERROR;
				CLANG_WARN_RANGE_LOOP_ANALYSIS = YES;
				CLANG_WARN_STRICT_PROTOTYPES = YES;
				CLANG_WARN_SUSPICIOUS_MOVE = YES;
				CLANG_WARN_UNGUARDED_AVAILABILITY = YES_AGGRESSIVE;
				CLANG_WARN_UNREACHABLE_CODE = YES;
				CLANG_WARN__DUPLICATE_METHOD_MATCH = YES;
				COPY_PHASE_STRIP = NO;
				DEBUG_INFORMATION_FORMAT = "dwarf-with-dsym";
				ENABLE_NS_ASSERTIONS = NO;
				ENABLE_STRICT_OBJC_MSGSEND = YES;
				GCC_C_LANGUAGE_STANDARD = gnu11;
				GCC_NO_COMMON_BLOCKS = YES;
				GCC_WARN_64_TO_32_BIT_CONVERSION = YES;
				GCC_WARN_ABOUT_RETURN_TYPE = YES_ERROR;
				GCC_WARN_UNDECLARED_SELECTOR = YES;
				GCC_WARN_UNINITIALIZED_AUTOS = YES_AGGRESSIVE;
				GCC_WARN_UNUSED_FUNCTION = YES;
				GCC_WARN_UNUSED_VARIABLE = YES;
				IPHONEOS_DEPLOYMENT_TARGET = 13.6;
				MTL_ENABLE_DEBUG_INFO = NO;
				MTL_FAST_MATH = YES;
				SDKROOT = iphoneos;
				SWIFT_COMPILATION_MODE = wholemodule;
				SWIFT_OPTIMIZATION_LEVEL = "-O";
				VALIDATE_PRODUCT = YES;
			};
			name = Release;
		};
		D5FADCCD251B301E000788A9 /* Debug */ = {
			isa = XCBuildConfiguration;
			buildSettings = {
				ASSETCATALOG_COMPILER_APPICON_NAME = AppIcon;
				CODE_SIGN_STYLE = Automatic;
				INFOPLIST_FILE = TodoProductHW20200923/Info.plist;
				LD_RUNPATH_SEARCH_PATHS = (
					"$(inherited)",
					"@executable_path/Frameworks",
				);
				PRODUCT_BUNDLE_IDENTIFIER = "Shinya-Inomata.TodoProductHW20200923";
				PRODUCT_NAME = "$(TARGET_NAME)";
				SWIFT_VERSION = 5.0;
				TARGETED_DEVICE_FAMILY = "1,2";
			};
			name = Debug;
		};
		D5FADCCE251B301E000788A9 /* Release */ = {
			isa = XCBuildConfiguration;
			buildSettings = {
				ASSETCATALOG_COMPILER_APPICON_NAME = AppIcon;
				CODE_SIGN_STYLE = Automatic;
				INFOPLIST_FILE = TodoProductHW20200923/Info.plist;
				LD_RUNPATH_SEARCH_PATHS = (
					"$(inherited)",
					"@executable_path/Frameworks",
				);
				PRODUCT_BUNDLE_IDENTIFIER = "Shinya-Inomata.TodoProductHW20200923";
				PRODUCT_NAME = "$(TARGET_NAME)";
				SWIFT_VERSION = 5.0;
				TARGETED_DEVICE_FAMILY = "1,2";
			};
			name = Release;
		};
		D5FADCD0251B301E000788A9 /* Debug */ = {
			isa = XCBuildConfiguration;
			buildSettings = {
				ALWAYS_EMBED_SWIFT_STANDARD_LIBRARIES = YES;
				BUNDLE_LOADER = "$(TEST_HOST)";
				CODE_SIGN_STYLE = Automatic;
				INFOPLIST_FILE = TodoProductHW20200923Tests/Info.plist;
				IPHONEOS_DEPLOYMENT_TARGET = 13.6;
				LD_RUNPATH_SEARCH_PATHS = (
					"$(inherited)",
					"@executable_path/Frameworks",
					"@loader_path/Frameworks",
				);
				PRODUCT_BUNDLE_IDENTIFIER = "Shinya-Inomata.TodoProductHW20200923Tests";
				PRODUCT_NAME = "$(TARGET_NAME)";
				SWIFT_VERSION = 5.0;
				TARGETED_DEVICE_FAMILY = "1,2";
				TEST_HOST = "$(BUILT_PRODUCTS_DIR)/TodoProductHW20200923.app/TodoProductHW20200923";
			};
			name = Debug;
		};
		D5FADCD1251B301E000788A9 /* Release */ = {
			isa = XCBuildConfiguration;
			buildSettings = {
				ALWAYS_EMBED_SWIFT_STANDARD_LIBRARIES = YES;
				BUNDLE_LOADER = "$(TEST_HOST)";
				CODE_SIGN_STYLE = Automatic;
				INFOPLIST_FILE = TodoProductHW20200923Tests/Info.plist;
				IPHONEOS_DEPLOYMENT_TARGET = 13.6;
				LD_RUNPATH_SEARCH_PATHS = (
					"$(inherited)",
					"@executable_path/Frameworks",
					"@loader_path/Frameworks",
				);
				PRODUCT_BUNDLE_IDENTIFIER = "Shinya-Inomata.TodoProductHW20200923Tests";
				PRODUCT_NAME = "$(TARGET_NAME)";
				SWIFT_VERSION = 5.0;
				TARGETED_DEVICE_FAMILY = "1,2";
				TEST_HOST = "$(BUILT_PRODUCTS_DIR)/TodoProductHW20200923.app/TodoProductHW20200923";
			};
			name = Release;
		};
		D5FADCD3251B301E000788A9 /* Debug */ = {
			isa = XCBuildConfiguration;
			buildSettings = {
				ALWAYS_EMBED_SWIFT_STANDARD_LIBRARIES = YES;
				CODE_SIGN_STYLE = Automatic;
				INFOPLIST_FILE = TodoProductHW20200923UITests/Info.plist;
				LD_RUNPATH_SEARCH_PATHS = (
					"$(inherited)",
					"@executable_path/Frameworks",
					"@loader_path/Frameworks",
				);
				PRODUCT_BUNDLE_IDENTIFIER = "Shinya-Inomata.TodoProductHW20200923UITests";
				PRODUCT_NAME = "$(TARGET_NAME)";
				SWIFT_VERSION = 5.0;
				TARGETED_DEVICE_FAMILY = "1,2";
				TEST_TARGET_NAME = TodoProductHW20200923;
			};
			name = Debug;
		};
		D5FADCD4251B301E000788A9 /* Release */ = {
			isa = XCBuildConfiguration;
			buildSettings = {
				ALWAYS_EMBED_SWIFT_STANDARD_LIBRARIES = YES;
				CODE_SIGN_STYLE = Automatic;
				INFOPLIST_FILE = TodoProductHW20200923UITests/Info.plist;
				LD_RUNPATH_SEARCH_PATHS = (
					"$(inherited)",
					"@executable_path/Frameworks",
					"@loader_path/Frameworks",
				);
				PRODUCT_BUNDLE_IDENTIFIER = "Shinya-Inomata.TodoProductHW20200923UITests";
				PRODUCT_NAME = "$(TARGET_NAME)";
				SWIFT_VERSION = 5.0;
				TARGETED_DEVICE_FAMILY = "1,2";
				TEST_TARGET_NAME = TodoProductHW20200923;
			};
			name = Release;
		};
/* End XCBuildConfiguration section */

/* Begin XCConfigurationList section */
		D5FADC9D251B301A000788A9 /* Build configuration list for PBXProject "TodoProductHW20200923" */ = {
			isa = XCConfigurationList;
			buildConfigurations = (
				D5FADCCA251B301E000788A9 /* Debug */,
				D5FADCCB251B301E000788A9 /* Release */,
			);
			defaultConfigurationIsVisible = 0;
			defaultConfigurationName = Release;
		};
		D5FADCCC251B301E000788A9 /* Build configuration list for PBXNativeTarget "TodoProductHW20200923" */ = {
			isa = XCConfigurationList;
			buildConfigurations = (
				D5FADCCD251B301E000788A9 /* Debug */,
				D5FADCCE251B301E000788A9 /* Release */,
			);
			defaultConfigurationIsVisible = 0;
			defaultConfigurationName = Release;
		};
		D5FADCCF251B301E000788A9 /* Build configuration list for PBXNativeTarget "TodoProductHW20200923Tests" */ = {
			isa = XCConfigurationList;
			buildConfigurations = (
				D5FADCD0251B301E000788A9 /* Debug */,
				D5FADCD1251B301E000788A9 /* Release */,
			);
			defaultConfigurationIsVisible = 0;
			defaultConfigurationName = Release;
		};
		D5FADCD2251B301E000788A9 /* Build configuration list for PBXNativeTarget "TodoProductHW20200923UITests" */ = {
			isa = XCConfigurationList;
			buildConfigurations = (
				D5FADCD3251B301E000788A9 /* Debug */,
				D5FADCD4251B301E000788A9 /* Release */,
			);
			defaultConfigurationIsVisible = 0;
			defaultConfigurationName = Release;
		};
/* End XCConfigurationList section */
	};
	rootObject = D5FADC9A251B301A000788A9 /* Project object */;
}
